
Microsoft Visual Studio Solution File, Format Version 12.00
# Visual Studio Version 17
VisualStudioVersion = 17.0.31903.59
MinimumVisualStudioVersion = 10.0.40219.1
Project("{2150E333-8FDC-42A3-9474-1A3956D46DE8}") = "HR.Microservice", "HR.Microservice", "{994B6B5A-BFF5-46C7-96DD-CAFF63515FE7}"
EndProject
Project("{FAE04EC0-301F-11D3-BF4B-00C04F79EFBC}") = "HR.Api", "HR.Microservice\HR.Api\HR.Api.csproj", "{D7A51398-72D5-489A-BC05-6CE385DEC684}"
EndProject
Project("{FAE04EC0-301F-11D3-BF4B-00C04F79EFBC}") = "HR.Domain", "HR.Microservice\HR.Domain\HR.Domain.csproj", "{FC1F9193-FDCA-4EA1-8A67-60AAD01EEA0F}"
EndProject
Project("{FAE04EC0-301F-11D3-BF4B-00C04F79EFBC}") = "HR.Infrastructure", "HR.Microservice\HR.Infrastructure\HR.Infrastructure.csproj", "{2186FE67-06E8-424A-B49B-93E7D4F61186}"
EndProject
Project("{FAE04EC0-301F-11D3-BF4B-00C04F79EFBC}") = "HR.Shared", "HR.Microservice\HR.Shared\HR.Shared.csproj", "{CAA7B09D-F13C-495B-972E-513A582E14E6}"
EndProject
Project("{2150E333-8FDC-42A3-9474-1A3956D46DE8}") = "Identity.Microservice", "Identity.Microservice", "{FCCD4908-EF11-439D-BD84-148E9F44DBF4}"
EndProject
Project("{2150E333-8FDC-42A3-9474-1A3956D46DE8}") = "src", "src", "{DE8B1E01-ACC0-4F5F-890D-54F90B0C3EAB}"
EndProject
Project("{FAE04EC0-301F-11D3-BF4B-00C04F79EFBC}") = "Identity.Api", "Identity.Microservice\src\Identity.Api\Identity.Api.csproj", "{DFC52E02-519D-4F43-A413-3E53D99163BC}"
EndProject
Global
	GlobalSection(SolutionConfigurationPlatforms) = preSolution
		Debug|Any CPU = Debug|Any CPU
		Release|Any CPU = Release|Any CPU
	EndGlobalSection
	GlobalSection(SolutionProperties) = preSolution
		HideSolutionNode = FALSE
	EndGlobalSection
	GlobalSection(ProjectConfigurationPlatforms) = postSolution
		{D7A51398-72D5-489A-BC05-6CE385DEC684}.Debug|Any CPU.ActiveCfg = Debug|Any CPU
		{D7A51398-72D5-489A-BC05-6CE385DEC684}.Debug|Any CPU.Build.0 = Debug|Any CPU
		{D7A51398-72D5-489A-BC05-6CE385DEC684}.Release|Any CPU.ActiveCfg = Release|Any CPU
		{D7A51398-72D5-489A-BC05-6CE385DEC684}.Release|Any CPU.Build.0 = Release|Any CPU
		{FC1F9193-FDCA-4EA1-8A67-60AAD01EEA0F}.Debug|Any CPU.ActiveCfg = Debug|Any CPU
		{FC1F9193-FDCA-4EA1-8A67-60AAD01EEA0F}.Debug|Any CPU.Build.0 = Debug|Any CPU
		{FC1F9193-FDCA-4EA1-8A67-60AAD01EEA0F}.Release|Any CPU.ActiveCfg = Release|Any CPU
		{FC1F9193-FDCA-4EA1-8A67-60AAD01EEA0F}.Release|Any CPU.Build.0 = Release|Any CPU
		{2186FE67-06E8-424A-B49B-93E7D4F61186}.Debug|Any CPU.ActiveCfg = Debug|Any CPU
		{2186FE67-06E8-424A-B49B-93E7D4F61186}.Debug|Any CPU.Build.0 = Debug|Any CPU
		{2186FE67-06E8-424A-B49B-93E7D4F61186}.Release|Any CPU.ActiveCfg = Release|Any CPU
		{2186FE67-06E8-424A-B49B-93E7D4F61186}.Release|Any CPU.Build.0 = Release|Any CPU
		{CAA7B09D-F13C-495B-972E-513A582E14E6}.Debug|Any CPU.ActiveCfg = Debug|Any CPU
		{CAA7B09D-F13C-495B-972E-513A582E14E6}.Debug|Any CPU.Build.0 = Debug|Any CPU
		{CAA7B09D-F13C-495B-972E-513A582E14E6}.Release|Any CPU.ActiveCfg = Release|Any CPU
		{CAA7B09D-F13C-495B-972E-513A582E14E6}.Release|Any CPU.Build.0 = Release|Any CPU
		{DFC52E02-519D-4F43-A413-3E53D99163BC}.Debug|Any CPU.ActiveCfg = Debug|Any CPU
		{DFC52E02-519D-4F43-A413-3E53D99163BC}.Debug|Any CPU.Build.0 = Debug|Any CPU
		{DFC52E02-519D-4F43-A413-3E53D99163BC}.Release|Any CPU.ActiveCfg = Release|Any CPU
		{DFC52E02-519D-4F43-A413-3E53D99163BC}.Release|Any CPU.Build.0 = Release|Any CPU
	EndGlobalSection
	GlobalSection(NestedProjects) = preSolution
		{D7A51398-72D5-489A-BC05-6CE385DEC684} = {994B6B5A-BFF5-46C7-96DD-CAFF63515FE7}
		{FC1F9193-FDCA-4EA1-8A67-60AAD01EEA0F} = {994B6B5A-BFF5-46C7-96DD-CAFF63515FE7}
		{2186FE67-06E8-424A-B49B-93E7D4F61186} = {994B6B5A-BFF5-46C7-96DD-CAFF63515FE7}
		{CAA7B09D-F13C-495B-972E-513A582E14E6} = {994B6B5A-BFF5-46C7-96DD-CAFF63515FE7}
		{DE8B1E01-ACC0-4F5F-890D-54F90B0C3EAB} = {FCCD4908-EF11-439D-BD84-148E9F44DBF4}
		{DFC52E02-519D-4F43-A413-3E53D99163BC} = {DE8B1E01-ACC0-4F5F-890D-54F90B0C3EAB}
	EndGlobalSection
EndGlobal
