
Microsoft Visual Studio Solution File, Format Version 12.00
# Visual Studio Version 17
VisualStudioVersion = 17.0.31903.59
MinimumVisualStudioVersion = 10.0.40219.1
Project("{2150E333-8FDC-42A3-9474-1A3956D46DE8}") = "ums-api", "ums-api", "{E914BF90-0BF0-4118-9D50-B509CD1C4941}"
EndProject
Project("{FAE04EC0-301F-11D3-BF4B-00C04F79EFBC}") = "University.Shared", "ums-api\University.Shared\University.Shared.csproj", "{72160FAA-571B-423E-96BA-BFDC5A58FDCA}"
EndProject
Project("{FAE04EC0-301F-11D3-BF4B-00C04F79EFBC}") = "University.Core", "ums-api\University.Core\University.Core.csproj", "{F0340A9D-8B80-431D-A684-F549505B60C3}"
EndProject
Project("{FAE04EC0-301F-11D3-BF4B-00C04F79EFBC}") = "University.Application", "ums-api\University.Application\University.Application.csproj", "{419B7732-A781-4A1D-8F92-B6FAA719A6A8}"
EndProject
Project("{FAE04EC0-301F-11D3-BF4B-00C04F79EFBC}") = "University.Infrastructure", "ums-api\University.Infrastructure\University.Infrastructure.csproj", "{CCEF8223-30AE-4F43-ADB4-EF7DF3A1789F}"
EndProject
Project("{FAE04EC0-301F-11D3-BF4B-00C04F79EFBC}") = "University.API", "ums-api\University.API\University.API.csproj", "{FFD8DBBB-391B-4515-82D8-79DA9E5400AB}"
EndProject
Global
	GlobalSection(SolutionConfigurationPlatforms) = preSolution
		Debug|Any CPU = Debug|Any CPU
		Release|Any CPU = Release|Any CPU
	EndGlobalSection
	GlobalSection(SolutionProperties) = preSolution
		HideSolutionNode = FALSE
	EndGlobalSection
	GlobalSection(ProjectConfigurationPlatforms) = postSolution
		{72160FAA-571B-423E-96BA-BFDC5A58FDCA}.Debug|Any CPU.ActiveCfg = Debug|Any CPU
		{72160FAA-571B-423E-96BA-BFDC5A58FDCA}.Debug|Any CPU.Build.0 = Debug|Any CPU
		{72160FAA-571B-423E-96BA-BFDC5A58FDCA}.Release|Any CPU.ActiveCfg = Release|Any CPU
		{72160FAA-571B-423E-96BA-BFDC5A58FDCA}.Release|Any CPU.Build.0 = Release|Any CPU
		{F0340A9D-8B80-431D-A684-F549505B60C3}.Debug|Any CPU.ActiveCfg = Debug|Any CPU
		{F0340A9D-8B80-431D-A684-F549505B60C3}.Debug|Any CPU.Build.0 = Debug|Any CPU
		{F0340A9D-8B80-431D-A684-F549505B60C3}.Release|Any CPU.ActiveCfg = Release|Any CPU
		{F0340A9D-8B80-431D-A684-F549505B60C3}.Release|Any CPU.Build.0 = Release|Any CPU
		{419B7732-A781-4A1D-8F92-B6FAA719A6A8}.Debug|Any CPU.ActiveCfg = Debug|Any CPU
		{419B7732-A781-4A1D-8F92-B6FAA719A6A8}.Debug|Any CPU.Build.0 = Debug|Any CPU
		{419B7732-A781-4A1D-8F92-B6FAA719A6A8}.Release|Any CPU.ActiveCfg = Release|Any CPU
		{419B7732-A781-4A1D-8F92-B6FAA719A6A8}.Release|Any CPU.Build.0 = Release|Any CPU
		{CCEF8223-30AE-4F43-ADB4-EF7DF3A1789F}.Debug|Any CPU.ActiveCfg = Debug|Any CPU
		{CCEF8223-30AE-4F43-ADB4-EF7DF3A1789F}.Debug|Any CPU.Build.0 = Debug|Any CPU
		{CCEF8223-30AE-4F43-ADB4-EF7DF3A1789F}.Release|Any CPU.ActiveCfg = Release|Any CPU
		{CCEF8223-30AE-4F43-ADB4-EF7DF3A1789F}.Release|Any CPU.Build.0 = Release|Any CPU
		{FFD8DBBB-391B-4515-82D8-79DA9E5400AB}.Debug|Any CPU.ActiveCfg = Debug|Any CPU
		{FFD8DBBB-391B-4515-82D8-79DA9E5400AB}.Debug|Any CPU.Build.0 = Debug|Any CPU
		{FFD8DBBB-391B-4515-82D8-79DA9E5400AB}.Release|Any CPU.ActiveCfg = Release|Any CPU
		{FFD8DBBB-391B-4515-82D8-79DA9E5400AB}.Release|Any CPU.Build.0 = Release|Any CPU
	EndGlobalSection
	GlobalSection(NestedProjects) = preSolution
		{72160FAA-571B-423E-96BA-BFDC5A58FDCA} = {E914BF90-0BF0-4118-9D50-B509CD1C4941}
		{F0340A9D-8B80-431D-A684-F549505B60C3} = {E914BF90-0BF0-4118-9D50-B509CD1C4941}
		{419B7732-A781-4A1D-8F92-B6FAA719A6A8} = {E914BF90-0BF0-4118-9D50-B509CD1C4941}
		{CCEF8223-30AE-4F43-ADB4-EF7DF3A1789F} = {E914BF90-0BF0-4118-9D50-B509CD1C4941}
		{FFD8DBBB-391B-4515-82D8-79DA9E5400AB} = {E914BF90-0BF0-4118-9D50-B509CD1C4941}
	EndGlobalSection
EndGlobal
